
Microsoft Visual Studio Solution File, Format Version 12.00
# Visual Studio Version 17
VisualStudioVersion = 17.5.002.0
MinimumVisualStudioVersion = 10.0.40219.1
Project("{9A19103F-16F7-4668-BE54-9A1E7A4F7556}") = "Project", "Project.csproj", "{FEB83D78-DB35-4F0C-9EB5-10C7144B6838}"
EndProject
Global
	GlobalSection(SolutionConfigurationPlatforms) = preSolution
		Debug|Any CPU = Debug|Any CPU
		Release|Any CPU = Release|Any CPU
	EndGlobalSection
	GlobalSection(ProjectConfigurationPlatforms) = postSolution
		{FEB83D78-DB35-4F0C-9EB5-10C7144B6838}.Debug|Any CPU.ActiveCfg = Debug|Any CPU
		{FEB83D78-DB35-4F0C-9EB5-10C7144B6838}.Debug|Any CPU.Build.0 = Debug|Any CPU
		{FEB83D78-DB35-4F0C-9EB5-10C7144B6838}.Release|Any CPU.ActiveCfg = Release|Any CPU
		{FEB83D78-DB35-4F0C-9EB5-10C7144B6838}.Release|Any CPU.Build.0 = Release|Any CPU
	EndGlobalSection
	GlobalSection(SolutionProperties) = preSolution
		HideSolutionNode = FALSE
	EndGlobalSection
	GlobalSection(ExtensibilityGlobals) = postSolution
		SolutionGuid = {DB575701-6C4F-46ED-942E-0CA3C2C9FA4F}
	EndGlobalSection
EndGlobal
